// !$*UTF8*$!
{
	archiveVersion = 1;
	classes = {
	};
	objectVersion = 55;
	objects = {

/* Begin PBXBuildFile section */
		00E356F31AD99517003FC87E /* vitalInterpreterAppTests.m in Sources */ = {isa = PBXBuildFile; fileRef = 00E356F21AD99517003FC87E /* vitalInterpreterAppTests.m */; };
		027B130EEB704FB8A5D10E0E /* Inter-ExtraLight.ttf in Resources */ = {isa = PBXBuildFile; fileRef = 5911D57D4C5F4776B711321E /* Inter-ExtraLight.ttf */; };
		07E8F1029D0E437A897DC951 /* Inter-Medium.ttf in Resources */ = {isa = PBXBuildFile; fileRef = 11B6A995B09D4A24B4878B15 /* Inter-Medium.ttf */; };
		0B3488582601B9739FEBBDDF /* libPods-vitalInterpreterApp.a in Frameworks */ = {isa = PBXBuildFile; fileRef = 8B429F969B3B19BA66C1654E /* libPods-vitalInterpreterApp.a */; };
		0C80B921A6F3F58F76C31292 /* BuildFile in Frameworks */ = {isa = PBXBuildFile; };
		103EB67F08594971BB660C34 /* Inter-Light.ttf in Resources */ = {isa = PBXBuildFile; fileRef = 38B78A7DE10F4B1AAF653483 /* Inter-Light.ttf */; };
		13B07FBC1A68108700A75B9A /* AppDelegate.mm in Sources */ = {isa = PBXBuildFile; fileRef = 13B07FB01A68108700A75B9A /* AppDelegate.mm */; };
		13B07FBF1A68108700A75B9A /* Images.xcassets in Resources */ = {isa = PBXBuildFile; fileRef = 13B07FB51A68108700A75B9A /* Images.xcassets */; };
		13B07FC11A68108700A75B9A /* main.m in Sources */ = {isa = PBXBuildFile; fileRef = 13B07FB71A68108700A75B9A /* main.m */; };
		47C7B6DA177B465580BEA7B5 /* Inter-SemiBold.ttf in Resources */ = {isa = PBXBuildFile; fileRef = 6B6DC1A22EEB4442A9D26837 /* Inter-SemiBold.ttf */; };
		556FA258296626050040C203 /* EvilIcons.ttf in Resources */ = {isa = PBXBuildFile; fileRef = 556FA248296626040040C203 /* EvilIcons.ttf */; };
		556FA259296626050040C203 /* EvilIcons.ttf in Resources */ = {isa = PBXBuildFile; fileRef = 556FA248296626040040C203 /* EvilIcons.ttf */; };
		556FA25A296626050040C203 /* SimpleLineIcons.ttf in Resources */ = {isa = PBXBuildFile; fileRef = 556FA249296626040040C203 /* SimpleLineIcons.ttf */; };
		556FA25B296626050040C203 /* SimpleLineIcons.ttf in Resources */ = {isa = PBXBuildFile; fileRef = 556FA249296626040040C203 /* SimpleLineIcons.ttf */; };
		556FA25C296626050040C203 /* Zocial.ttf in Resources */ = {isa = PBXBuildFile; fileRef = 556FA24A296626040040C203 /* Zocial.ttf */; };
		556FA25D296626050040C203 /* Zocial.ttf in Resources */ = {isa = PBXBuildFile; fileRef = 556FA24A296626040040C203 /* Zocial.ttf */; };
		556FA25E296626050040C203 /* FontAwesome5_Regular.ttf in Resources */ = {isa = PBXBuildFile; fileRef = 556FA24B296626040040C203 /* FontAwesome5_Regular.ttf */; };
		556FA25F296626050040C203 /* FontAwesome5_Regular.ttf in Resources */ = {isa = PBXBuildFile; fileRef = 556FA24B296626040040C203 /* FontAwesome5_Regular.ttf */; };
		556FA260296626050040C203 /* AntDesign.ttf in Resources */ = {isa = PBXBuildFile; fileRef = 556FA24C296626040040C203 /* AntDesign.ttf */; };
		556FA261296626050040C203 /* AntDesign.ttf in Resources */ = {isa = PBXBuildFile; fileRef = 556FA24C296626040040C203 /* AntDesign.ttf */; };
		556FA262296626050040C203 /* Fontisto.ttf in Resources */ = {isa = PBXBuildFile; fileRef = 556FA24D296626040040C203 /* Fontisto.ttf */; };
		556FA263296626050040C203 /* Fontisto.ttf in Resources */ = {isa = PBXBuildFile; fileRef = 556FA24D296626040040C203 /* Fontisto.ttf */; };
		556FA264296626050040C203 /* FontAwesome5_Brands.ttf in Resources */ = {isa = PBXBuildFile; fileRef = 556FA24E296626040040C203 /* FontAwesome5_Brands.ttf */; };
		556FA265296626050040C203 /* FontAwesome5_Brands.ttf in Resources */ = {isa = PBXBuildFile; fileRef = 556FA24E296626040040C203 /* FontAwesome5_Brands.ttf */; };
		556FA266296626050040C203 /* Foundation.ttf in Resources */ = {isa = PBXBuildFile; fileRef = 556FA24F296626040040C203 /* Foundation.ttf */; };
		556FA267296626050040C203 /* Foundation.ttf in Resources */ = {isa = PBXBuildFile; fileRef = 556FA24F296626040040C203 /* Foundation.ttf */; };
		556FA268296626050040C203 /* Ionicons.ttf in Resources */ = {isa = PBXBuildFile; fileRef = 556FA250296626040040C203 /* Ionicons.ttf */; };
		556FA269296626050040C203 /* Ionicons.ttf in Resources */ = {isa = PBXBuildFile; fileRef = 556FA250296626040040C203 /* Ionicons.ttf */; };
		556FA26A296626050040C203 /* Feather.ttf in Resources */ = {isa = PBXBuildFile; fileRef = 556FA251296626040040C203 /* Feather.ttf */; };
		556FA26B296626050040C203 /* Feather.ttf in Resources */ = {isa = PBXBuildFile; fileRef = 556FA251296626040040C203 /* Feather.ttf */; };
		556FA26C296626050040C203 /* MaterialIcons.ttf in Resources */ = {isa = PBXBuildFile; fileRef = 556FA252296626040040C203 /* MaterialIcons.ttf */; };
		556FA26D296626050040C203 /* MaterialIcons.ttf in Resources */ = {isa = PBXBuildFile; fileRef = 556FA252296626040040C203 /* MaterialIcons.ttf */; };
		556FA26E296626050040C203 /* FontAwesome5_Solid.ttf in Resources */ = {isa = PBXBuildFile; fileRef = 556FA253296626050040C203 /* FontAwesome5_Solid.ttf */; };
		556FA26F296626050040C203 /* FontAwesome5_Solid.ttf in Resources */ = {isa = PBXBuildFile; fileRef = 556FA253296626050040C203 /* FontAwesome5_Solid.ttf */; };
		556FA270296626050040C203 /* FontAwesome.ttf in Resources */ = {isa = PBXBuildFile; fileRef = 556FA254296626050040C203 /* FontAwesome.ttf */; };
		556FA271296626050040C203 /* FontAwesome.ttf in Resources */ = {isa = PBXBuildFile; fileRef = 556FA254296626050040C203 /* FontAwesome.ttf */; };
		556FA272296626050040C203 /* MaterialCommunityIcons.ttf in Resources */ = {isa = PBXBuildFile; fileRef = 556FA255296626050040C203 /* MaterialCommunityIcons.ttf */; };
		556FA273296626050040C203 /* MaterialCommunityIcons.ttf in Resources */ = {isa = PBXBuildFile; fileRef = 556FA255296626050040C203 /* MaterialCommunityIcons.ttf */; };
		556FA274296626050040C203 /* Octicons.ttf in Resources */ = {isa = PBXBuildFile; fileRef = 556FA256296626050040C203 /* Octicons.ttf */; };
		556FA275296626050040C203 /* Octicons.ttf in Resources */ = {isa = PBXBuildFile; fileRef = 556FA256296626050040C203 /* Octicons.ttf */; };
		556FA276296626050040C203 /* Entypo.ttf in Resources */ = {isa = PBXBuildFile; fileRef = 556FA257296626050040C203 /* Entypo.ttf */; };
		556FA277296626050040C203 /* Entypo.ttf in Resources */ = {isa = PBXBuildFile; fileRef = 556FA257296626050040C203 /* Entypo.ttf */; };
		7699B88040F8A987B510C191 /* libPods-vitalInterpreterApp-vitalInterpreterAppTests.a in Frameworks */ = {isa = PBXBuildFile; fileRef = 19F6CBCC0A4E27FBF8BF4A61 /* libPods-vitalInterpreterApp-vitalInterpreterAppTests.a */; };
		79C165AB28AC762E0026F056 /* libreact-native-app-auth.a in Frameworks */ = {isa = PBXBuildFile; fileRef = 79E2186028AC57DF00986530 /* libreact-native-app-auth.a */; };
		79C165AC28AC762F0026F056 /* libreact-native-app-auth.a in Frameworks */ = {isa = PBXBuildFile; fileRef = 79E2186028AC57DF00986530 /* libreact-native-app-auth.a */; };
		79C165AD28AC76320026F056 /* libAppAuth.a in Frameworks */ = {isa = PBXBuildFile; fileRef = 79E2185E28AC57D200986530 /* libAppAuth.a */; };
		79C165AE28AC76320026F056 /* libAppAuth.a in Frameworks */ = {isa = PBXBuildFile; fileRef = 79E2185E28AC57D200986530 /* libAppAuth.a */; };
		7BD2FA8E89CF4FFA9CCF7E8B /* Inter-Thin.ttf in Resources */ = {isa = PBXBuildFile; fileRef = CCA841E5ABBE4C8783D0A11E /* Inter-Thin.ttf */; };
		81AB9BB82411601600AC10FF /* LaunchScreen.storyboard in Resources */ = {isa = PBXBuildFile; fileRef = 81AB9BB72411601600AC10FF /* LaunchScreen.storyboard */; };
		9665200D0D7D485187519629 /* Inter-Black.ttf in Resources */ = {isa = PBXBuildFile; fileRef = 6F9C830F36BE4D009DBACAD6 /* Inter-Black.ttf */; };
		B4D249AFE69A48DCB3BCA0DD /* Inter-Bold.ttf in Resources */ = {isa = PBXBuildFile; fileRef = E323B49B83EB46D28A3C6083 /* Inter-Bold.ttf */; };
		F2109667A8C242CE8488F7A5 /* Inter-ExtraBold.ttf in Resources */ = {isa = PBXBuildFile; fileRef = 4BEE60BA97F14469852A6F93 /* Inter-ExtraBold.ttf */; };
		FC819C7925974EC69E8FA638 /* Inter-Regular.ttf in Resources */ = {isa = PBXBuildFile; fileRef = 322FA60B46E14116829964CA /* Inter-Regular.ttf */; };
/* End PBXBuildFile section */

/* Begin PBXContainerItemProxy section */
		00E356F41AD99517003FC87E /* PBXContainerItemProxy */ = {
			isa = PBXContainerItemProxy;
			containerPortal = 83CBB9F71A601CBA00E9B192 /* Project object */;
			proxyType = 1;
			remoteGlobalIDString = 13B07F861A680F5B00A75B9A;
			remoteInfo = vitalInterpreterApp;
		};
/* End PBXContainerItemProxy section */

/* Begin PBXFileReference section */
		00E356EE1AD99517003FC87E /* vitalInterpreterAppTests.xctest */ = {isa = PBXFileReference; explicitFileType = wrapper.cfbundle; includeInIndex = 0; path = vitalInterpreterAppTests.xctest; sourceTree = BUILT_PRODUCTS_DIR; };
		00E356F11AD99517003FC87E /* Info.plist */ = {isa = PBXFileReference; lastKnownFileType = text.plist.xml; path = Info.plist; sourceTree = "<group>"; };
		00E356F21AD99517003FC87E /* vitalInterpreterAppTests.m */ = {isa = PBXFileReference; lastKnownFileType = sourcecode.c.objc; path = vitalInterpreterAppTests.m; sourceTree = "<group>"; };
		11B6A995B09D4A24B4878B15 /* Inter-Medium.ttf */ = {isa = PBXFileReference; explicitFileType = undefined; fileEncoding = 9; includeInIndex = 0; lastKnownFileType = unknown; name = "Inter-Medium.ttf"; path = "../src/assets/fonts/Inter-Medium.ttf"; sourceTree = "<group>"; };
		13B07F961A680F5B00A75B9A /* vitalInterpreterApp.app */ = {isa = PBXFileReference; explicitFileType = wrapper.application; includeInIndex = 0; path = vitalInterpreterApp.app; sourceTree = BUILT_PRODUCTS_DIR; };
		13B07FAF1A68108700A75B9A /* AppDelegate.h */ = {isa = PBXFileReference; fileEncoding = 4; lastKnownFileType = sourcecode.c.h; name = AppDelegate.h; path = vitalInterpreterApp/AppDelegate.h; sourceTree = "<group>"; };
		13B07FB01A68108700A75B9A /* AppDelegate.mm */ = {isa = PBXFileReference; fileEncoding = 4; lastKnownFileType = sourcecode.cpp.objcpp; name = AppDelegate.mm; path = vitalInterpreterApp/AppDelegate.mm; sourceTree = "<group>"; };
		13B07FB51A68108700A75B9A /* Images.xcassets */ = {isa = PBXFileReference; lastKnownFileType = folder.assetcatalog; name = Images.xcassets; path = vitalInterpreterApp/Images.xcassets; sourceTree = "<group>"; };
		13B07FB61A68108700A75B9A /* Info.plist */ = {isa = PBXFileReference; explicitFileType = text.xml; fileEncoding = 4; name = Info.plist; path = vitalInterpreterApp/Info.plist; sourceTree = "<group>"; };
		13B07FB71A68108700A75B9A /* main.m */ = {isa = PBXFileReference; fileEncoding = 4; lastKnownFileType = sourcecode.c.objc; name = main.m; path = vitalInterpreterApp/main.m; sourceTree = "<group>"; };
		19F6CBCC0A4E27FBF8BF4A61 /* libPods-vitalInterpreterApp-vitalInterpreterAppTests.a */ = {isa = PBXFileReference; explicitFileType = archive.ar; includeInIndex = 0; path = "libPods-vitalInterpreterApp-vitalInterpreterAppTests.a"; sourceTree = BUILT_PRODUCTS_DIR; };
		322FA60B46E14116829964CA /* Inter-Regular.ttf */ = {isa = PBXFileReference; explicitFileType = undefined; fileEncoding = 9; includeInIndex = 0; lastKnownFileType = unknown; name = "Inter-Regular.ttf"; path = "../src/assets/fonts/Inter-Regular.ttf"; sourceTree = "<group>"; };
		357954279E80E762E86CA3C5 /* Pods-vitalInterpreterApp.release.xcconfig */ = {isa = PBXFileReference; includeInIndex = 1; lastKnownFileType = text.xcconfig; name = "Pods-vitalInterpreterApp.release.xcconfig"; path = "Target Support Files/Pods-vitalInterpreterApp/Pods-vitalInterpreterApp.release.xcconfig"; sourceTree = "<group>"; };
		38B78A7DE10F4B1AAF653483 /* Inter-Light.ttf */ = {isa = PBXFileReference; explicitFileType = undefined; fileEncoding = 9; includeInIndex = 0; lastKnownFileType = unknown; name = "Inter-Light.ttf"; path = "../src/assets/fonts/Inter-Light.ttf"; sourceTree = "<group>"; };
		4BEE60BA97F14469852A6F93 /* Inter-ExtraBold.ttf */ = {isa = PBXFileReference; explicitFileType = undefined; fileEncoding = 9; includeInIndex = 0; lastKnownFileType = unknown; name = "Inter-ExtraBold.ttf"; path = "../src/assets/fonts/Inter-ExtraBold.ttf"; sourceTree = "<group>"; };
		556FA248296626040040C203 /* EvilIcons.ttf */ = {isa = PBXFileReference; lastKnownFileType = file; path = EvilIcons.ttf; sourceTree = "<group>"; };
		556FA249296626040040C203 /* SimpleLineIcons.ttf */ = {isa = PBXFileReference; lastKnownFileType = file; path = SimpleLineIcons.ttf; sourceTree = "<group>"; };
		556FA24A296626040040C203 /* Zocial.ttf */ = {isa = PBXFileReference; lastKnownFileType = file; path = Zocial.ttf; sourceTree = "<group>"; };
		556FA24B296626040040C203 /* FontAwesome5_Regular.ttf */ = {isa = PBXFileReference; lastKnownFileType = file; path = FontAwesome5_Regular.ttf; sourceTree = "<group>"; };
		556FA24C296626040040C203 /* AntDesign.ttf */ = {isa = PBXFileReference; lastKnownFileType = file; path = AntDesign.ttf; sourceTree = "<group>"; };
		556FA24D296626040040C203 /* Fontisto.ttf */ = {isa = PBXFileReference; lastKnownFileType = file; path = Fontisto.ttf; sourceTree = "<group>"; };
		556FA24E296626040040C203 /* FontAwesome5_Brands.ttf */ = {isa = PBXFileReference; lastKnownFileType = file; path = FontAwesome5_Brands.ttf; sourceTree = "<group>"; };
		556FA24F296626040040C203 /* Foundation.ttf */ = {isa = PBXFileReference; lastKnownFileType = file; path = Foundation.ttf; sourceTree = "<group>"; };
		556FA250296626040040C203 /* Ionicons.ttf */ = {isa = PBXFileReference; lastKnownFileType = file; path = Ionicons.ttf; sourceTree = "<group>"; };
		556FA251296626040040C203 /* Feather.ttf */ = {isa = PBXFileReference; lastKnownFileType = file; path = Feather.ttf; sourceTree = "<group>"; };
		556FA252296626040040C203 /* MaterialIcons.ttf */ = {isa = PBXFileReference; lastKnownFileType = file; path = MaterialIcons.ttf; sourceTree = "<group>"; };
		556FA253296626050040C203 /* FontAwesome5_Solid.ttf */ = {isa = PBXFileReference; lastKnownFileType = file; path = FontAwesome5_Solid.ttf; sourceTree = "<group>"; };
		556FA254296626050040C203 /* FontAwesome.ttf */ = {isa = PBXFileReference; lastKnownFileType = file; path = FontAwesome.ttf; sourceTree = "<group>"; };
		556FA255296626050040C203 /* MaterialCommunityIcons.ttf */ = {isa = PBXFileReference; lastKnownFileType = file; path = MaterialCommunityIcons.ttf; sourceTree = "<group>"; };
		556FA256296626050040C203 /* Octicons.ttf */ = {isa = PBXFileReference; lastKnownFileType = file; path = Octicons.ttf; sourceTree = "<group>"; };
		556FA257296626050040C203 /* Entypo.ttf */ = {isa = PBXFileReference; lastKnownFileType = file; path = Entypo.ttf; sourceTree = "<group>"; };
		5911D57D4C5F4776B711321E /* Inter-ExtraLight.ttf */ = {isa = PBXFileReference; explicitFileType = undefined; fileEncoding = 9; includeInIndex = 0; lastKnownFileType = unknown; name = "Inter-ExtraLight.ttf"; path = "../src/assets/fonts/Inter-ExtraLight.ttf"; sourceTree = "<group>"; };
		59417AA646925715232EA058 /* Pods-vitalInterpreterApp.debug.xcconfig */ = {isa = PBXFileReference; includeInIndex = 1; lastKnownFileType = text.xcconfig; name = "Pods-vitalInterpreterApp.debug.xcconfig"; path = "Target Support Files/Pods-vitalInterpreterApp/Pods-vitalInterpreterApp.debug.xcconfig"; sourceTree = "<group>"; };
		60C3FDBDAB983BF8546760C5 /* Pods-vitalInterpreterApp-vitalInterpreterAppTests.release.xcconfig */ = {isa = PBXFileReference; includeInIndex = 1; lastKnownFileType = text.xcconfig; name = "Pods-vitalInterpreterApp-vitalInterpreterAppTests.release.xcconfig"; path = "Target Support Files/Pods-vitalInterpreterApp-vitalInterpreterAppTests/Pods-vitalInterpreterApp-vitalInterpreterAppTests.release.xcconfig"; sourceTree = "<group>"; };
		6B6DC1A22EEB4442A9D26837 /* Inter-SemiBold.ttf */ = {isa = PBXFileReference; explicitFileType = undefined; fileEncoding = 9; includeInIndex = 0; lastKnownFileType = unknown; name = "Inter-SemiBold.ttf"; path = "../src/assets/fonts/Inter-SemiBold.ttf"; sourceTree = "<group>"; };
		6F9C830F36BE4D009DBACAD6 /* Inter-Black.ttf */ = {isa = PBXFileReference; explicitFileType = undefined; fileEncoding = 9; includeInIndex = 0; lastKnownFileType = unknown; name = "Inter-Black.ttf"; path = "../src/assets/fonts/Inter-Black.ttf"; sourceTree = "<group>"; };
		79A5EF9E28AD5BE100DB7071 /* MaterialIcons.ttf */ = {isa = PBXFileReference; lastKnownFileType = file; name = MaterialIcons.ttf; path = "../node_modules/react-native-vector-icons/Fonts/MaterialIcons.ttf"; sourceTree = "<group>"; };
		79A5EF9F28AD5BE100DB7071 /* MaterialCommunityIcons.ttf */ = {isa = PBXFileReference; lastKnownFileType = file; name = MaterialCommunityIcons.ttf; path = "../node_modules/react-native-vector-icons/Fonts/MaterialCommunityIcons.ttf"; sourceTree = "<group>"; };
		79E2185E28AC57D200986530 /* libAppAuth.a */ = {isa = PBXFileReference; explicitFileType = archive.ar; path = libAppAuth.a; sourceTree = BUILT_PRODUCTS_DIR; };
		79E2186028AC57DF00986530 /* libreact-native-app-auth.a */ = {isa = PBXFileReference; explicitFileType = archive.ar; path = "libreact-native-app-auth.a"; sourceTree = BUILT_PRODUCTS_DIR; };
		81AB9BB72411601600AC10FF /* LaunchScreen.storyboard */ = {isa = PBXFileReference; fileEncoding = 4; lastKnownFileType = file.storyboard; name = LaunchScreen.storyboard; path = vitalInterpreterApp/LaunchScreen.storyboard; sourceTree = "<group>"; };
		8759D7836B2950E467D84A17 /* Pods-vitalInterpreterApp-vitalInterpreterAppTests.debug.xcconfig */ = {isa = PBXFileReference; includeInIndex = 1; lastKnownFileType = text.xcconfig; name = "Pods-vitalInterpreterApp-vitalInterpreterAppTests.debug.xcconfig"; path = "Target Support Files/Pods-vitalInterpreterApp-vitalInterpreterAppTests/Pods-vitalInterpreterApp-vitalInterpreterAppTests.debug.xcconfig"; sourceTree = "<group>"; };
		8B429F969B3B19BA66C1654E /* libPods-vitalInterpreterApp.a */ = {isa = PBXFileReference; explicitFileType = archive.ar; includeInIndex = 0; path = "libPods-vitalInterpreterApp.a"; sourceTree = BUILT_PRODUCTS_DIR; };
		CCA841E5ABBE4C8783D0A11E /* Inter-Thin.ttf */ = {isa = PBXFileReference; explicitFileType = undefined; fileEncoding = 9; includeInIndex = 0; lastKnownFileType = unknown; name = "Inter-Thin.ttf"; path = "../src/assets/fonts/Inter-Thin.ttf"; sourceTree = "<group>"; };
		E323B49B83EB46D28A3C6083 /* Inter-Bold.ttf */ = {isa = PBXFileReference; explicitFileType = undefined; fileEncoding = 9; includeInIndex = 0; lastKnownFileType = unknown; name = "Inter-Bold.ttf"; path = "../src/assets/fonts/Inter-Bold.ttf"; sourceTree = "<group>"; };
		ED297162215061F000B7C4FE /* JavaScriptCore.framework */ = {isa = PBXFileReference; lastKnownFileType = wrapper.framework; name = JavaScriptCore.framework; path = System/Library/Frameworks/JavaScriptCore.framework; sourceTree = SDKROOT; };
/* End PBXFileReference section */

/* Begin PBXFrameworksBuildPhase section */
		00E356EB1AD99517003FC87E /* Frameworks */ = {
			isa = PBXFrameworksBuildPhase;
			buildActionMask = 2147483647;
			files = (
				79C165AC28AC762F0026F056 /* libreact-native-app-auth.a in Frameworks */,
				79C165AE28AC76320026F056 /* libAppAuth.a in Frameworks */,
				7699B88040F8A987B510C191 /* libPods-vitalInterpreterApp-vitalInterpreterAppTests.a in Frameworks */,
			);
			runOnlyForDeploymentPostprocessing = 0;
		};
		13B07F8C1A680F5B00A75B9A /* Frameworks */ = {
			isa = PBXFrameworksBuildPhase;
			buildActionMask = 2147483647;
			files = (
				79C165AB28AC762E0026F056 /* libreact-native-app-auth.a in Frameworks */,
				79C165AD28AC76320026F056 /* libAppAuth.a in Frameworks */,
				0C80B921A6F3F58F76C31292 /* BuildFile in Frameworks */,
				0B3488582601B9739FEBBDDF /* libPods-vitalInterpreterApp.a in Frameworks */,
			);
			runOnlyForDeploymentPostprocessing = 0;
		};
/* End PBXFrameworksBuildPhase section */

/* Begin PBXGroup section */
		00E356EF1AD99517003FC87E /* vitalInterpreterAppTests */ = {
			isa = PBXGroup;
			children = (
				00E356F21AD99517003FC87E /* vitalInterpreterAppTests.m */,
				00E356F01AD99517003FC87E /* Supporting Files */,
			);
			path = vitalInterpreterAppTests;
			sourceTree = "<group>";
		};
		00E356F01AD99517003FC87E /* Supporting Files */ = {
			isa = PBXGroup;
			children = (
				00E356F11AD99517003FC87E /* Info.plist */,
			);
			name = "Supporting Files";
			sourceTree = "<group>";
		};
		13B07FAE1A68108700A75B9A /* vitalInterpreterApp */ = {
			isa = PBXGroup;
			children = (
				79A5EF9D28AD5B5900DB7071 /* Fonts */,
				13B07FAF1A68108700A75B9A /* AppDelegate.h */,
				13B07FB01A68108700A75B9A /* AppDelegate.mm */,
				13B07FB51A68108700A75B9A /* Images.xcassets */,
				13B07FB61A68108700A75B9A /* Info.plist */,
				81AB9BB72411601600AC10FF /* LaunchScreen.storyboard */,
				13B07FB71A68108700A75B9A /* main.m */,
			);
			name = vitalInterpreterApp;
			sourceTree = "<group>";
		};
		2D16E6871FA4F8E400B85C8A /* Frameworks */ = {
			isa = PBXGroup;
			children = (
				79E2186028AC57DF00986530 /* libreact-native-app-auth.a */,
				79E2185E28AC57D200986530 /* libAppAuth.a */,
				ED297162215061F000B7C4FE /* JavaScriptCore.framework */,
				19F6CBCC0A4E27FBF8BF4A61 /* libPods-vitalInterpreterApp-vitalInterpreterAppTests.a */,
				8B429F969B3B19BA66C1654E /* libPods-vitalInterpreterApp.a */,
			);
			name = Frameworks;
			sourceTree = "<group>";
		};
		556FA2472966258E0040C203 /* Fonts */ = {
			isa = PBXGroup;
			children = (
				556FA24C296626040040C203 /* AntDesign.ttf */,
				556FA257296626050040C203 /* Entypo.ttf */,
				556FA248296626040040C203 /* EvilIcons.ttf */,
				556FA251296626040040C203 /* Feather.ttf */,
				556FA254296626050040C203 /* FontAwesome.ttf */,
				556FA24E296626040040C203 /* FontAwesome5_Brands.ttf */,
				556FA24B296626040040C203 /* FontAwesome5_Regular.ttf */,
				556FA253296626050040C203 /* FontAwesome5_Solid.ttf */,
				556FA24D296626040040C203 /* Fontisto.ttf */,
				556FA24F296626040040C203 /* Foundation.ttf */,
				556FA250296626040040C203 /* Ionicons.ttf */,
				556FA255296626050040C203 /* MaterialCommunityIcons.ttf */,
				556FA252296626040040C203 /* MaterialIcons.ttf */,
				556FA256296626050040C203 /* Octicons.ttf */,
				556FA249296626040040C203 /* SimpleLineIcons.ttf */,
				556FA24A296626040040C203 /* Zocial.ttf */,
			);
			path = Fonts;
			sourceTree = "<group>";
		};
		79A5EF9D28AD5B5900DB7071 /* Fonts */ = {
			isa = PBXGroup;
			children = (
				79A5EF9F28AD5BE100DB7071 /* MaterialCommunityIcons.ttf */,
				79A5EF9E28AD5BE100DB7071 /* MaterialIcons.ttf */,
			);
			name = Fonts;
			sourceTree = "<group>";
		};
		832341AE1AAA6A7D00B99B32 /* Libraries */ = {
			isa = PBXGroup;
			children = (
			);
			name = Libraries;
			sourceTree = "<group>";
		};
		83CBB9F61A601CBA00E9B192 = {
			isa = PBXGroup;
			children = (
				556FA2472966258E0040C203 /* Fonts */,
				13B07FAE1A68108700A75B9A /* vitalInterpreterApp */,
				832341AE1AAA6A7D00B99B32 /* Libraries */,
				00E356EF1AD99517003FC87E /* vitalInterpreterAppTests */,
				83CBBA001A601CBA00E9B192 /* Products */,
				2D16E6871FA4F8E400B85C8A /* Frameworks */,
				E1B6D26319CC65D702FFBE52 /* Pods */,
				BF4725292FB24ADE96B48451 /* Resources */,
			);
			indentWidth = 2;
			sourceTree = "<group>";
			tabWidth = 2;
			usesTabs = 0;
		};
		83CBBA001A601CBA00E9B192 /* Products */ = {
			isa = PBXGroup;
			children = (
				13B07F961A680F5B00A75B9A /* vitalInterpreterApp.app */,
				00E356EE1AD99517003FC87E /* vitalInterpreterAppTests.xctest */,
			);
			name = Products;
			sourceTree = "<group>";
		};
		BF4725292FB24ADE96B48451 /* Resources */ = {
			isa = PBXGroup;
			children = (
				6F9C830F36BE4D009DBACAD6 /* Inter-Black.ttf */,
				E323B49B83EB46D28A3C6083 /* Inter-Bold.ttf */,
				4BEE60BA97F14469852A6F93 /* Inter-ExtraBold.ttf */,
				5911D57D4C5F4776B711321E /* Inter-ExtraLight.ttf */,
				38B78A7DE10F4B1AAF653483 /* Inter-Light.ttf */,
				11B6A995B09D4A24B4878B15 /* Inter-Medium.ttf */,
				322FA60B46E14116829964CA /* Inter-Regular.ttf */,
				6B6DC1A22EEB4442A9D26837 /* Inter-SemiBold.ttf */,
				CCA841E5ABBE4C8783D0A11E /* Inter-Thin.ttf */,
			);
			name = Resources;
			sourceTree = "<group>";
		};
		E1B6D26319CC65D702FFBE52 /* Pods */ = {
			isa = PBXGroup;
			children = (
				59417AA646925715232EA058 /* Pods-vitalInterpreterApp.debug.xcconfig */,
				357954279E80E762E86CA3C5 /* Pods-vitalInterpreterApp.release.xcconfig */,
				8759D7836B2950E467D84A17 /* Pods-vitalInterpreterApp-vitalInterpreterAppTests.debug.xcconfig */,
				60C3FDBDAB983BF8546760C5 /* Pods-vitalInterpreterApp-vitalInterpreterAppTests.release.xcconfig */,
			);
			path = Pods;
			sourceTree = "<group>";
		};
/* End PBXGroup section */

/* Begin PBXNativeTarget section */
		00E356ED1AD99517003FC87E /* vitalInterpreterAppTests */ = {
			isa = PBXNativeTarget;
			buildConfigurationList = 00E357021AD99517003FC87E /* Build configuration list for PBXNativeTarget "vitalInterpreterAppTests" */;
			buildPhases = (
				A55EABD7B0C7F3A422A6CC61 /* [CP] Check Pods Manifest.lock */,
				00E356EA1AD99517003FC87E /* Sources */,
				00E356EB1AD99517003FC87E /* Frameworks */,
				00E356EC1AD99517003FC87E /* Resources */,
				F6A41C54EA430FDDC6A6ED99 /* [CP] Copy Pods Resources */,
				A7CE29732A9C0BCE9F75F4A2 /* [CP] Embed Pods Frameworks */,
			);
			buildRules = (
			);
			dependencies = (
				00E356F51AD99517003FC87E /* PBXTargetDependency */,
			);
			name = vitalInterpreterAppTests;
			productName = vitalInterpreterAppTests;
			productReference = 00E356EE1AD99517003FC87E /* vitalInterpreterAppTests.xctest */;
			productType = "com.apple.product-type.bundle.unit-test";
		};
		13B07F861A680F5B00A75B9A /* vitalInterpreterApp */ = {
			isa = PBXNativeTarget;
			buildConfigurationList = 13B07F931A680F5B00A75B9A /* Build configuration list for PBXNativeTarget "vitalInterpreterApp" */;
			buildPhases = (
				C38B50BA6285516D6DCD4F65 /* [CP] Check Pods Manifest.lock */,
				FD10A7F022414F080027D42C /* Start Packager */,
				13B07F871A680F5B00A75B9A /* Sources */,
				13B07F8C1A680F5B00A75B9A /* Frameworks */,
				13B07F8E1A680F5B00A75B9A /* Resources */,
				00DD1BFF1BD5951E006B06BC /* Bundle React Native code and images */,
				E235C05ADACE081382539298 /* [CP] Copy Pods Resources */,
				20D818D19F21E610B8411C68 /* [CP] Embed Pods Frameworks */,
			);
			buildRules = (
			);
			dependencies = (
			);
			name = vitalInterpreterApp;
			productName = vitalInterpreterApp;
			productReference = 13B07F961A680F5B00A75B9A /* vitalInterpreterApp.app */;
			productType = "com.apple.product-type.application";
		};
/* End PBXNativeTarget section */

/* Begin PBXProject section */
		83CBB9F71A601CBA00E9B192 /* Project object */ = {
			isa = PBXProject;
			attributes = {
				LastUpgradeCheck = 1340;
				TargetAttributes = {
					00E356ED1AD99517003FC87E = {
						CreatedOnToolsVersion = 6.2;
						TestTargetID = 13B07F861A680F5B00A75B9A;
					};
					13B07F861A680F5B00A75B9A = {
						LastSwiftMigration = 1120;
					};
				};
			};
			buildConfigurationList = 83CBB9FA1A601CBA00E9B192 /* Build configuration list for PBXProject "vitalInterpreterApp" */;
			compatibilityVersion = "Xcode 13.0";
			developmentRegion = en;
			hasScannedForEncodings = 0;
			knownRegions = (
				en,
				Base,
			);
			mainGroup = 83CBB9F61A601CBA00E9B192;
			productRefGroup = 83CBBA001A601CBA00E9B192 /* Products */;
			projectDirPath = "";
			projectRoot = "";
			targets = (
				13B07F861A680F5B00A75B9A /* vitalInterpreterApp */,
				00E356ED1AD99517003FC87E /* vitalInterpreterAppTests */,
			);
		};
/* End PBXProject section */

/* Begin PBXResourcesBuildPhase section */
		00E356EC1AD99517003FC87E /* Resources */ = {
			isa = PBXResourcesBuildPhase;
			buildActionMask = 2147483647;
			files = (
				556FA263296626050040C203 /* Fontisto.ttf in Resources */,
				556FA271296626050040C203 /* FontAwesome.ttf in Resources */,
				556FA267296626050040C203 /* Foundation.ttf in Resources */,
				556FA26B296626050040C203 /* Feather.ttf in Resources */,
				556FA269296626050040C203 /* Ionicons.ttf in Resources */,
				556FA277296626050040C203 /* Entypo.ttf in Resources */,
				556FA259296626050040C203 /* EvilIcons.ttf in Resources */,
				556FA25D296626050040C203 /* Zocial.ttf in Resources */,
				556FA26D296626050040C203 /* MaterialIcons.ttf in Resources */,
				556FA273296626050040C203 /* MaterialCommunityIcons.ttf in Resources */,
				556FA25F296626050040C203 /* FontAwesome5_Regular.ttf in Resources */,
				556FA275296626050040C203 /* Octicons.ttf in Resources */,
				556FA25B296626050040C203 /* SimpleLineIcons.ttf in Resources */,
				556FA26F296626050040C203 /* FontAwesome5_Solid.ttf in Resources */,
				556FA265296626050040C203 /* FontAwesome5_Brands.ttf in Resources */,
				556FA261296626050040C203 /* AntDesign.ttf in Resources */,
			);
			runOnlyForDeploymentPostprocessing = 0;
		};
		13B07F8E1A680F5B00A75B9A /* Resources */ = {
			isa = PBXResourcesBuildPhase;
			buildActionMask = 2147483647;
			files = (
				81AB9BB82411601600AC10FF /* LaunchScreen.storyboard in Resources */,
				556FA258296626050040C203 /* EvilIcons.ttf in Resources */,
				556FA26E296626050040C203 /* FontAwesome5_Solid.ttf in Resources */,
				556FA25A296626050040C203 /* SimpleLineIcons.ttf in Resources */,
				556FA264296626050040C203 /* FontAwesome5_Brands.ttf in Resources */,
				13B07FBF1A68108700A75B9A /* Images.xcassets in Resources */,
				9665200D0D7D485187519629 /* Inter-Black.ttf in Resources */,
				556FA26C296626050040C203 /* MaterialIcons.ttf in Resources */,
				B4D249AFE69A48DCB3BCA0DD /* Inter-Bold.ttf in Resources */,
				556FA260296626050040C203 /* AntDesign.ttf in Resources */,
				556FA274296626050040C203 /* Octicons.ttf in Resources */,
				556FA26A296626050040C203 /* Feather.ttf in Resources */,
				556FA270296626050040C203 /* FontAwesome.ttf in Resources */,
				556FA25C296626050040C203 /* Zocial.ttf in Resources */,
				556FA266296626050040C203 /* Foundation.ttf in Resources */,
				556FA268296626050040C203 /* Ionicons.ttf in Resources */,
				556FA262296626050040C203 /* Fontisto.ttf in Resources */,
				F2109667A8C242CE8488F7A5 /* Inter-ExtraBold.ttf in Resources */,
				027B130EEB704FB8A5D10E0E /* Inter-ExtraLight.ttf in Resources */,
				103EB67F08594971BB660C34 /* Inter-Light.ttf in Resources */,
				07E8F1029D0E437A897DC951 /* Inter-Medium.ttf in Resources */,
				FC819C7925974EC69E8FA638 /* Inter-Regular.ttf in Resources */,
				556FA272296626050040C203 /* MaterialCommunityIcons.ttf in Resources */,
				556FA25E296626050040C203 /* FontAwesome5_Regular.ttf in Resources */,
				47C7B6DA177B465580BEA7B5 /* Inter-SemiBold.ttf in Resources */,
				556FA276296626050040C203 /* Entypo.ttf in Resources */,
				7BD2FA8E89CF4FFA9CCF7E8B /* Inter-Thin.ttf in Resources */,
			);
			runOnlyForDeploymentPostprocessing = 0;
		};
/* End PBXResourcesBuildPhase section */

/* Begin PBXShellScriptBuildPhase section */
		00DD1BFF1BD5951E006B06BC /* Bundle React Native code and images */ = {
			isa = PBXShellScriptBuildPhase;
			buildActionMask = 8;
			files = (
			);
			inputPaths = (
				"$(SRCROOT)/.xcode.env.local",
				"$(SRCROOT)/.xcode.env",
			);
			name = "Bundle React Native code and images";
			outputPaths = (
			);
			runOnlyForDeploymentPostprocessing = 1;
			shellPath = /bin/sh;
			shellScript = "set -e\n\nWITH_ENVIRONMENT=\"../node_modules/react-native/scripts/xcode/with-environment.sh\"\nREACT_NATIVE_XCODE=\"../node_modules/react-native/scripts/react-native-xcode.sh\"\n\n/bin/sh -c \"$WITH_ENVIRONMENT $REACT_NATIVE_XCODE\"\n";
		};
		20D818D19F21E610B8411C68 /* [CP] Embed Pods Frameworks */ = {
			isa = PBXShellScriptBuildPhase;
			buildActionMask = 2147483647;
			files = (
			);
			inputFileListPaths = (
				"${PODS_ROOT}/Target Support Files/Pods-vitalInterpreterApp/Pods-vitalInterpreterApp-frameworks-${CONFIGURATION}-input-files.xcfilelist",
			);
			name = "[CP] Embed Pods Frameworks";
			outputFileListPaths = (
				"${PODS_ROOT}/Target Support Files/Pods-vitalInterpreterApp/Pods-vitalInterpreterApp-frameworks-${CONFIGURATION}-output-files.xcfilelist",
			);
			runOnlyForDeploymentPostprocessing = 0;
			shellPath = /bin/sh;
			shellScript = "\"${PODS_ROOT}/Target Support Files/Pods-vitalInterpreterApp/Pods-vitalInterpreterApp-frameworks.sh\"\n";
			showEnvVarsInLog = 0;
		};
		A55EABD7B0C7F3A422A6CC61 /* [CP] Check Pods Manifest.lock */ = {
			isa = PBXShellScriptBuildPhase;
			buildActionMask = 2147483647;
			files = (
			);
			inputFileListPaths = (
			);
			inputPaths = (
				"${PODS_PODFILE_DIR_PATH}/Podfile.lock",
				"${PODS_ROOT}/Manifest.lock",
			);
			name = "[CP] Check Pods Manifest.lock";
			outputFileListPaths = (
			);
			outputPaths = (
				"$(DERIVED_FILE_DIR)/Pods-vitalInterpreterApp-vitalInterpreterAppTests-checkManifestLockResult.txt",
			);
			runOnlyForDeploymentPostprocessing = 0;
			shellPath = /bin/sh;
			shellScript = "diff \"${PODS_PODFILE_DIR_PATH}/Podfile.lock\" \"${PODS_ROOT}/Manifest.lock\" > /dev/null\nif [ $? != 0 ] ; then\n    # print error to STDERR\n    echo \"error: The sandbox is not in sync with the Podfile.lock. Run 'pod install' or update your CocoaPods installation.\" >&2\n    exit 1\nfi\n# This output is used by Xcode 'outputs' to avoid re-running this script phase.\necho \"SUCCESS\" > \"${SCRIPT_OUTPUT_FILE_0}\"\n";
			showEnvVarsInLog = 0;
		};
		A7CE29732A9C0BCE9F75F4A2 /* [CP] Embed Pods Frameworks */ = {
			isa = PBXShellScriptBuildPhase;
			buildActionMask = 2147483647;
			files = (
			);
			inputFileListPaths = (
				"${PODS_ROOT}/Target Support Files/Pods-vitalInterpreterApp-vitalInterpreterAppTests/Pods-vitalInterpreterApp-vitalInterpreterAppTests-frameworks-${CONFIGURATION}-input-files.xcfilelist",
			);
			name = "[CP] Embed Pods Frameworks";
			outputFileListPaths = (
				"${PODS_ROOT}/Target Support Files/Pods-vitalInterpreterApp-vitalInterpreterAppTests/Pods-vitalInterpreterApp-vitalInterpreterAppTests-frameworks-${CONFIGURATION}-output-files.xcfilelist",
			);
			runOnlyForDeploymentPostprocessing = 0;
			shellPath = /bin/sh;
			shellScript = "\"${PODS_ROOT}/Target Support Files/Pods-vitalInterpreterApp-vitalInterpreterAppTests/Pods-vitalInterpreterApp-vitalInterpreterAppTests-frameworks.sh\"\n";
			showEnvVarsInLog = 0;
		};
		C38B50BA6285516D6DCD4F65 /* [CP] Check Pods Manifest.lock */ = {
			isa = PBXShellScriptBuildPhase;
			buildActionMask = 2147483647;
			files = (
			);
			inputFileListPaths = (
			);
			inputPaths = (
				"${PODS_PODFILE_DIR_PATH}/Podfile.lock",
				"${PODS_ROOT}/Manifest.lock",
			);
			name = "[CP] Check Pods Manifest.lock";
			outputFileListPaths = (
			);
			outputPaths = (
				"$(DERIVED_FILE_DIR)/Pods-vitalInterpreterApp-checkManifestLockResult.txt",
			);
			runOnlyForDeploymentPostprocessing = 0;
			shellPath = /bin/sh;
			shellScript = "diff \"${PODS_PODFILE_DIR_PATH}/Podfile.lock\" \"${PODS_ROOT}/Manifest.lock\" > /dev/null\nif [ $? != 0 ] ; then\n    # print error to STDERR\n    echo \"error: The sandbox is not in sync with the Podfile.lock. Run 'pod install' or update your CocoaPods installation.\" >&2\n    exit 1\nfi\n# This output is used by Xcode 'outputs' to avoid re-running this script phase.\necho \"SUCCESS\" > \"${SCRIPT_OUTPUT_FILE_0}\"\n";
			showEnvVarsInLog = 0;
		};
		E235C05ADACE081382539298 /* [CP] Copy Pods Resources */ = {
			isa = PBXShellScriptBuildPhase;
			buildActionMask = 8;
			files = (
			);
			inputFileListPaths = (
				"${PODS_ROOT}/Target Support Files/Pods-vitalInterpreterApp/Pods-vitalInterpreterApp-resources-${CONFIGURATION}-input-files.xcfilelist",
			);
			name = "[CP] Copy Pods Resources";
			outputFileListPaths = (
				"${PODS_ROOT}/Target Support Files/Pods-vitalInterpreterApp/Pods-vitalInterpreterApp-resources-${CONFIGURATION}-output-files.xcfilelist",
			);
			runOnlyForDeploymentPostprocessing = 1;
			shellPath = /bin/sh;
			shellScript = "\"${PODS_ROOT}/Target Support Files/Pods-vitalInterpreterApp/Pods-vitalInterpreterApp-resources.sh\"\n";
			showEnvVarsInLog = 0;
		};
		F6A41C54EA430FDDC6A6ED99 /* [CP] Copy Pods Resources */ = {
			isa = PBXShellScriptBuildPhase;
			buildActionMask = 8;
			files = (
			);
			inputFileListPaths = (
				"${PODS_ROOT}/Target Support Files/Pods-vitalInterpreterApp-vitalInterpreterAppTests/Pods-vitalInterpreterApp-vitalInterpreterAppTests-resources-${CONFIGURATION}-input-files.xcfilelist",
			);
			name = "[CP] Copy Pods Resources";
			outputFileListPaths = (
				"${PODS_ROOT}/Target Support Files/Pods-vitalInterpreterApp-vitalInterpreterAppTests/Pods-vitalInterpreterApp-vitalInterpreterAppTests-resources-${CONFIGURATION}-output-files.xcfilelist",
			);
			runOnlyForDeploymentPostprocessing = 1;
			shellPath = /bin/sh;
			shellScript = "\"${PODS_ROOT}/Target Support Files/Pods-vitalInterpreterApp-vitalInterpreterAppTests/Pods-vitalInterpreterApp-vitalInterpreterAppTests-resources.sh\"\n";
			showEnvVarsInLog = 0;
		};
		FD10A7F022414F080027D42C /* Start Packager */ = {
			isa = PBXShellScriptBuildPhase;
			buildActionMask = 2147483647;
			files = (
			);
			inputFileListPaths = (
			);
			inputPaths = (
			);
			name = "Start Packager";
			outputFileListPaths = (
			);
			outputPaths = (
			);
			runOnlyForDeploymentPostprocessing = 0;
			shellPath = /bin/sh;
			shellScript = "export RCT_METRO_PORT=\"${RCT_METRO_PORT:=8081}\"\necho \"export RCT_METRO_PORT=${RCT_METRO_PORT}\" > \"${SRCROOT}/../node_modules/react-native/scripts/.packager.env\"\nif [ -z \"${RCT_NO_LAUNCH_PACKAGER+xxx}\" ] ; then\n  if nc -w 5 -z localhost ${RCT_METRO_PORT} ; then\n    if ! curl -s \"http://localhost:${RCT_METRO_PORT}/status\" | grep -q \"packager-status:running\" ; then\n      echo \"Port ${RCT_METRO_PORT} already in use, packager is either not running or not running correctly\"\n      exit 2\n    fi\n  else\n    open \"$SRCROOT/../node_modules/react-native/scripts/launchPackager.command\" || echo \"Can't start packager automatically\"\n  fi\nfi\n";
			showEnvVarsInLog = 0;
		};
/* End PBXShellScriptBuildPhase section */

/* Begin PBXSourcesBuildPhase section */
		00E356EA1AD99517003FC87E /* Sources */ = {
			isa = PBXSourcesBuildPhase;
			buildActionMask = 2147483647;
			files = (
				00E356F31AD99517003FC87E /* vitalInterpreterAppTests.m in Sources */,
			);
			runOnlyForDeploymentPostprocessing = 0;
		};
		13B07F871A680F5B00A75B9A /* Sources */ = {
			isa = PBXSourcesBuildPhase;
			buildActionMask = 2147483647;
			files = (
				13B07FBC1A68108700A75B9A /* AppDelegate.mm in Sources */,
				13B07FC11A68108700A75B9A /* main.m in Sources */,
			);
			runOnlyForDeploymentPostprocessing = 0;
		};
/* End PBXSourcesBuildPhase section */

/* Begin PBXTargetDependency section */
		00E356F51AD99517003FC87E /* PBXTargetDependency */ = {
			isa = PBXTargetDependency;
			target = 13B07F861A680F5B00A75B9A /* vitalInterpreterApp */;
			targetProxy = 00E356F41AD99517003FC87E /* PBXContainerItemProxy */;
		};
/* End PBXTargetDependency section */

/* Begin XCBuildConfiguration section */
		00E356F61AD99517003FC87E /* Debug */ = {
			isa = XCBuildConfiguration;
			baseConfigurationReference = 8759D7836B2950E467D84A17 /* Pods-vitalInterpreterApp-vitalInterpreterAppTests.debug.xcconfig */;
			buildSettings = {
				ALWAYS_EMBED_SWIFT_STANDARD_LIBRARIES = YES;
				BUNDLE_LOADER = "$(TEST_HOST)";
				"CODE_SIGN_IDENTITY[sdk=macosx*]" = "-";
				CODE_SIGN_STYLE = Automatic;
				DEVELOPMENT_TEAM = "VITAL Engineering";
				"EXCLUDED_ARCHS[sdk=iphonesimulator*]" = arm64;
				GCC_PREPROCESSOR_DEFINITIONS = (
					"DEBUG=1",
					"$(inherited)",
				);
				INFOPLIST_FILE = vitalInterpreterAppTests/Info.plist;
				IPHONEOS_DEPLOYMENT_TARGET = 12.4;
				LD_RUNPATH_SEARCH_PATHS = (
					"$(inherited)",
					"@executable_path/Frameworks",
					"@loader_path/Frameworks",
				);
				OTHER_LDFLAGS = (
					"-ObjC",
					"-lc++",
					"$(inherited)",
				);
				PRODUCT_BUNDLE_IDENTIFIER = "org.reactjs.native.example.$(PRODUCT_NAME:rfc1034identifier)";
				PRODUCT_NAME = "$(TARGET_NAME)";
				PROVISIONING_PROFILE_SPECIFIER = "";
				"PROVISIONING_PROFILE_SPECIFIER[sdk=macosx*]" = "";
				TEST_HOST = "$(BUILT_PRODUCTS_DIR)/vitalInterpreterApp.app/vitalInterpreterApp";
			};
			name = Debug;
		};
		00E356F71AD99517003FC87E /* Release */ = {
			isa = XCBuildConfiguration;
			baseConfigurationReference = 60C3FDBDAB983BF8546760C5 /* Pods-vitalInterpreterApp-vitalInterpreterAppTests.release.xcconfig */;
			buildSettings = {
				ALWAYS_EMBED_SWIFT_STANDARD_LIBRARIES = YES;
				BUNDLE_LOADER = "$(TEST_HOST)";
				"CODE_SIGN_IDENTITY[sdk=macosx*]" = "-";
				CODE_SIGN_STYLE = Automatic;
				COPY_PHASE_STRIP = NO;
				DEVELOPMENT_TEAM = "VITAL Engineering";
				"EXCLUDED_ARCHS[sdk=iphonesimulator*]" = arm64;
				INFOPLIST_FILE = vitalInterpreterAppTests/Info.plist;
				IPHONEOS_DEPLOYMENT_TARGET = 12.4;
				LD_RUNPATH_SEARCH_PATHS = (
					"$(inherited)",
					"@executable_path/Frameworks",
					"@loader_path/Frameworks",
				);
				OTHER_LDFLAGS = (
					"-ObjC",
					"-lc++",
					"$(inherited)",
				);
				PRODUCT_BUNDLE_IDENTIFIER = "org.reactjs.native.example.$(PRODUCT_NAME:rfc1034identifier)";
				PRODUCT_NAME = "$(TARGET_NAME)";
				PROVISIONING_PROFILE_SPECIFIER = "";
				"PROVISIONING_PROFILE_SPECIFIER[sdk=macosx*]" = "";
				TEST_HOST = "$(BUILT_PRODUCTS_DIR)/vitalInterpreterApp.app/vitalInterpreterApp";
			};
			name = Release;
		};
		13B07F941A680F5B00A75B9A /* Debug */ = {
			isa = XCBuildConfiguration;
			baseConfigurationReference = 59417AA646925715232EA058 /* Pods-vitalInterpreterApp.debug.xcconfig */;
			buildSettings = {
				ASSETCATALOG_COMPILER_APPICON_NAME = AppIcon;
				CLANG_ENABLE_MODULES = YES;
				CODE_SIGN_IDENTITY = "iPhone Developer";
				CODE_SIGN_STYLE = Manual;
				CURRENT_PROJECT_VERSION = 1;
				DEVELOPMENT_TEAM = QYD2FRC8G5;
				ENABLE_BITCODE = NO;
				INFOPLIST_FILE = vitalInterpreterApp/Info.plist;
				INFOPLIST_KEY_LSApplicationCategoryType = "public.app-category.business";
				LD_RUNPATH_SEARCH_PATHS = (
					"$(inherited)",
					"@executable_path/Frameworks",
				);
				OTHER_LDFLAGS = (
					"$(inherited)",
					"-ObjC",
					"-lc++",
				);
				PRODUCT_BUNDLE_IDENTIFIER = com.sorenson.vital;
				PRODUCT_NAME = vitalInterpreterApp;
				PROVISIONING_PROFILE_SPECIFIER = "";
				SWIFT_OPTIMIZATION_LEVEL = "-Onone";
				SWIFT_VERSION = 5.0;
				VERSIONING_SYSTEM = "apple-generic";
			};
			name = Debug;
		};
		13B07F951A680F5B00A75B9A /* Release */ = {
			isa = XCBuildConfiguration;
			baseConfigurationReference = 357954279E80E762E86CA3C5 /* Pods-vitalInterpreterApp.release.xcconfig */;
			buildSettings = {
				ASSETCATALOG_COMPILER_APPICON_NAME = AppIcon;
				CLANG_ENABLE_MODULES = YES;
				CODE_SIGN_IDENTITY = "Apple Development: Andre Ace Aquiler (YWSUD657Z4)";
				CODE_SIGN_STYLE = Manual;
				CURRENT_PROJECT_VERSION = 1;
				DEVELOPMENT_TEAM = QYD2FRC8G5;
				INFOPLIST_FILE = vitalInterpreterApp/Info.plist;
				INFOPLIST_KEY_LSApplicationCategoryType = "public.app-category.business";
				LD_RUNPATH_SEARCH_PATHS = (
					"$(inherited)",
					"@executable_path/Frameworks",
				);
				OTHER_LDFLAGS = (
					"$(inherited)",
					"-ObjC",
					"-lc++",
				);
				PRODUCT_BUNDLE_IDENTIFIER = com.sorenson.vital;
				PRODUCT_NAME = vitalInterpreterApp;
				PROVISIONING_PROFILE_SPECIFIER = "VITAL Mobile";
				SWIFT_VERSION = 5.0;
				VERSIONING_SYSTEM = "apple-generic";
			};
			name = Release;
		};
		83CBBA201A601CBA00E9B192 /* Debug */ = {
			isa = XCBuildConfiguration;
			buildSettings = {
				ALWAYS_SEARCH_USER_PATHS = NO;
				CLANG_ANALYZER_LOCALIZABILITY_NONLOCALIZED = YES;
				CLANG_CXX_LANGUAGE_STANDARD = "c++17";
				CLANG_CXX_LIBRARY = "libc++";
				CLANG_ENABLE_MODULES = YES;
				CLANG_ENABLE_OBJC_ARC = YES;
				CLANG_WARN_BLOCK_CAPTURE_AUTORELEASING = YES;
				CLANG_WARN_BOOL_CONVERSION = YES;
				CLANG_WARN_COMMA = YES;
				CLANG_WARN_CONSTANT_CONVERSION = YES;
				CLANG_WARN_DEPRECATED_OBJC_IMPLEMENTATIONS = YES;
				CLANG_WARN_DIRECT_OBJC_ISA_USAGE = YES_ERROR;
				CLANG_WARN_EMPTY_BODY = YES;
				CLANG_WARN_ENUM_CONVERSION = YES;
				CLANG_WARN_INFINITE_RECURSION = YES;
				CLANG_WARN_INT_CONVERSION = YES;
				CLANG_WARN_NON_LITERAL_NULL_CONVERSION = YES;
				CLANG_WARN_OBJC_IMPLICIT_RETAIN_SELF = YES;
				CLANG_WARN_OBJC_LITERAL_CONVERSION = YES;
				CLANG_WARN_OBJC_ROOT_CLASS = YES_ERROR;
				CLANG_WARN_QUOTED_INCLUDE_IN_FRAMEWORK_HEADER = YES;
				CLANG_WARN_RANGE_LOOP_ANALYSIS = YES;
				CLANG_WARN_STRICT_PROTOTYPES = YES;
				CLANG_WARN_SUSPICIOUS_MOVE = YES;
				CLANG_WARN_UNREACHABLE_CODE = YES;
				CLANG_WARN__DUPLICATE_METHOD_MATCH = YES;
				CODE_SIGN_IDENTITY = "iPhone Developer";
				"CODE_SIGN_IDENTITY[sdk=iphoneos*]" = "iPhone Developer";
				COPY_PHASE_STRIP = NO;
				ENABLE_STRICT_OBJC_MSGSEND = YES;
				ENABLE_TESTABILITY = YES;
				"EXCLUDED_ARCHS[sdk=iphonesimulator*]" = "";
				GCC_C_LANGUAGE_STANDARD = gnu99;
				GCC_DYNAMIC_NO_PIC = NO;
				GCC_NO_COMMON_BLOCKS = YES;
				GCC_OPTIMIZATION_LEVEL = 0;
				GCC_PREPROCESSOR_DEFINITIONS = (
					"DEBUG=1",
					"$(inherited)",
				);
				GCC_SYMBOLS_PRIVATE_EXTERN = NO;
				GCC_WARN_64_TO_32_BIT_CONVERSION = YES;
				GCC_WARN_ABOUT_RETURN_TYPE = YES_ERROR;
				GCC_WARN_UNDECLARED_SELECTOR = YES;
				GCC_WARN_UNINITIALIZED_AUTOS = YES_AGGRESSIVE;
				GCC_WARN_UNUSED_FUNCTION = YES;
				GCC_WARN_UNUSED_VARIABLE = YES;
				IPHONEOS_DEPLOYMENT_TARGET = 12.4;
				LD_RUNPATH_SEARCH_PATHS = (
					/usr/lib/swift,
					"$(inherited)",
				);
				LIBRARY_SEARCH_PATHS = (
					"\"$(SDKROOT)/usr/lib/swift\"",
					"\"$(TOOLCHAIN_DIR)/usr/lib/swift/$(PLATFORM_NAME)\"",
					"\"$(inherited)\"",
				);
				MTL_ENABLE_DEBUG_INFO = YES;
				ONLY_ACTIVE_ARCH = YES;
				OTHER_CPLUSPLUSFLAGS = (
					"$(OTHER_CFLAGS)",
					"-DFOLLY_NO_CONFIG",
					"-DFOLLY_MOBILE=1",
					"-DFOLLY_USE_LIBCPP=1",
				);
				REACT_NATIVE_PATH = "${PODS_ROOT}/../../node_modules/react-native";
				SDKROOT = iphoneos;
			};
			name = Debug;
		};
		83CBBA211A601CBA00E9B192 /* Release */ = {
			isa = XCBuildConfiguration;
			buildSettings = {
				ALWAYS_SEARCH_USER_PATHS = NO;
				CLANG_ANALYZER_LOCALIZABILITY_NONLOCALIZED = YES;
				CLANG_CXX_LANGUAGE_STANDARD = "c++17";
				CLANG_CXX_LIBRARY = "libc++";
				CLANG_ENABLE_MODULES = YES;
				CLANG_ENABLE_OBJC_ARC = YES;
				CLANG_WARN_BLOCK_CAPTURE_AUTORELEASING = YES;
				CLANG_WARN_BOOL_CONVERSION = YES;
				CLANG_WARN_COMMA = YES;
				CLANG_WARN_CONSTANT_CONVERSION = YES;
				CLANG_WARN_DEPRECATED_OBJC_IMPLEMENTATIONS = YES;
				CLANG_WARN_DIRECT_OBJC_ISA_USAGE = YES_ERROR;
				CLANG_WARN_EMPTY_BODY = YES;
				CLANG_WARN_ENUM_CONVERSION = YES;
				CLANG_WARN_INFINITE_RECURSION = YES;
				CLANG_WARN_INT_CONVERSION = YES;
				CLANG_WARN_NON_LITERAL_NULL_CONVERSION = YES;
				CLANG_WARN_OBJC_IMPLICIT_RETAIN_SELF = YES;
				CLANG_WARN_OBJC_LITERAL_CONVERSION = YES;
				CLANG_WARN_OBJC_ROOT_CLASS = YES_ERROR;
				CLANG_WARN_QUOTED_INCLUDE_IN_FRAMEWORK_HEADER = YES;
				CLANG_WARN_RANGE_LOOP_ANALYSIS = YES;
				CLANG_WARN_STRICT_PROTOTYPES = YES;
				CLANG_WARN_SUSPICIOUS_MOVE = YES;
				CLANG_WARN_UNREACHABLE_CODE = YES;
				CLANG_WARN__DUPLICATE_METHOD_MATCH = YES;
				CODE_SIGN_IDENTITY = "iPhone Developer";
				"CODE_SIGN_IDENTITY[sdk=iphoneos*]" = "iPhone Developer";
				COPY_PHASE_STRIP = YES;
				ENABLE_NS_ASSERTIONS = NO;
				ENABLE_STRICT_OBJC_MSGSEND = YES;
				"EXCLUDED_ARCHS[sdk=iphonesimulator*]" = "";
				GCC_C_LANGUAGE_STANDARD = gnu99;
				GCC_NO_COMMON_BLOCKS = YES;
				GCC_WARN_64_TO_32_BIT_CONVERSION = YES;
				GCC_WARN_ABOUT_RETURN_TYPE = YES_ERROR;
				GCC_WARN_UNDECLARED_SELECTOR = YES;
				GCC_WARN_UNINITIALIZED_AUTOS = YES_AGGRESSIVE;
				GCC_WARN_UNUSED_FUNCTION = YES;
				GCC_WARN_UNUSED_VARIABLE = YES;
				IPHONEOS_DEPLOYMENT_TARGET = 12.4;
				LD_RUNPATH_SEARCH_PATHS = (
					/usr/lib/swift,
					"$(inherited)",
				);
				LIBRARY_SEARCH_PATHS = (
					"\"$(SDKROOT)/usr/lib/swift\"",
					"\"$(TOOLCHAIN_DIR)/usr/lib/swift/$(PLATFORM_NAME)\"",
					"\"$(inherited)\"",
				);
				MTL_ENABLE_DEBUG_INFO = NO;
				OTHER_CPLUSPLUSFLAGS = (
					"$(OTHER_CFLAGS)",
					"-DFOLLY_NO_CONFIG",
					"-DFOLLY_MOBILE=1",
					"-DFOLLY_USE_LIBCPP=1",
				);
				REACT_NATIVE_PATH = "${PODS_ROOT}/../../node_modules/react-native";
				SDKROOT = iphoneos;
				VALIDATE_PRODUCT = YES;
			};
			name = Release;
		};
/* End XCBuildConfiguration section */

/* Begin XCConfigurationList section */
		00E357021AD99517003FC87E /* Build configuration list for PBXNativeTarget "vitalInterpreterAppTests" */ = {
			isa = XCConfigurationList;
			buildConfigurations = (
				00E356F61AD99517003FC87E /* Debug */,
				00E356F71AD99517003FC87E /* Release */,
			);
			defaultConfigurationIsVisible = 0;
			defaultConfigurationName = Release;
		};
		13B07F931A680F5B00A75B9A /* Build configuration list for PBXNativeTarget "vitalInterpreterApp" */ = {
			isa = XCConfigurationList;
			buildConfigurations = (
				13B07F941A680F5B00A75B9A /* Debug */,
				13B07F951A680F5B00A75B9A /* Release */,
			);
			defaultConfigurationIsVisible = 0;
			defaultConfigurationName = Release;
		};
		83CBB9FA1A601CBA00E9B192 /* Build configuration list for PBXProject "vitalInterpreterApp" */ = {
			isa = XCConfigurationList;
			buildConfigurations = (
				83CBBA201A601CBA00E9B192 /* Debug */,
				83CBBA211A601CBA00E9B192 /* Release */,
			);
			defaultConfigurationIsVisible = 0;
			defaultConfigurationName = Release;
		};
/* End XCConfigurationList section */
	};
	rootObject = 83CBB9F71A601CBA00E9B192 /* Project object */;
}
